
Microsoft Visual Studio Solution File, Format Version 12.00
# Visual Studio Version 17
VisualStudioVersion = 17.4.33110.190
MinimumVisualStudioVersion = 10.0.40219.1
Project("{FAE04EC0-301F-11D3-BF4B-00C04F79EFBC}") = "OutlookHelper", "OutlookHelper\OutlookHelper.csproj", "{7C9AE872-A426-4452-A350-F54C346541CE}"
EndProject
Global
	GlobalSection(SolutionConfigurationPlatforms) = preSolution
		Debug|Any CPU = Debug|Any CPU
		Release|Any CPU = Release|Any CPU
	EndGlobalSection
	GlobalSection(ProjectConfigurationPlatforms) = postSolution
		{7C9AE872-A426-4452-A350-F54C346541CE}.Debug|Any CPU.ActiveCfg = Debug|Any CPU
		{7C9AE872-A426-4452-A350-F54C346541CE}.Debug|Any CPU.Build.0 = Debug|Any CPU
		{7C9AE872-A426-4452-A350-F54C346541CE}.Release|Any CPU.ActiveCfg = Release|Any CPU
		{7C9AE872-A426-4452-A350-F54C346541CE}.Release|Any CPU.Build.0 = Release|Any CPU
	EndGlobalSection
	GlobalSection(SolutionProperties) = preSolution
		HideSolutionNode = FALSE
	EndGlobalSection
	GlobalSection(ExtensibilityGlobals) = postSolution
		SolutionGuid = {917835CD-509F-454E-800B-28D2C2EA31C0}
	EndGlobalSection
EndGlobal
